
Microsoft Visual Studio Solution File, Format Version 12.00
# Visual Studio Version 16
VisualStudioVersion = 16.0.32630.194
MinimumVisualStudioVersion = 10.0.40219.1
Project("{9A19103F-16F7-4668-BE54-9A1E7A4F7556}") = "NeEkersenProject", "NeEkersenProject\NeEkersenProject.csproj", "{6532B904-872E-40F3-966E-CAF71EEAEAF2}"
EndProject
Project("{9A19103F-16F7-4668-BE54-9A1E7A4F7556}") = "EntityLayer", "EntityLayer\EntityLayer.csproj", "{8963BC4D-751E-4405-B705-CE23AD1E5D2C}"
EndProject
Project("{9A19103F-16F7-4668-BE54-9A1E7A4F7556}") = "DataLayer", "DataLayer\DataLayer.csproj", "{561AB5E8-560E-4BDC-8592-0EFED8C89203}"
EndProject
Project("{9A19103F-16F7-4668-BE54-9A1E7A4F7556}") = "CoreLayer", "CoreLayer\CoreLayer.csproj", "{1F6836D7-C023-4E77-8AD6-E30E2D0B3030}"
EndProject
Project("{9A19103F-16F7-4668-BE54-9A1E7A4F7556}") = "BusinesLayer", "BusinesLayer\BusinesLayer.csproj", "{7CE3B8D2-5E00-4903-B68E-FA8F4E0F4952}"
EndProject
Global
	GlobalSection(SolutionConfigurationPlatforms) = preSolution
		Debug|Any CPU = Debug|Any CPU
		Release|Any CPU = Release|Any CPU
	EndGlobalSection
	GlobalSection(ProjectConfigurationPlatforms) = postSolution
		{6532B904-872E-40F3-966E-CAF71EEAEAF2}.Debug|Any CPU.ActiveCfg = Debug|Any CPU
		{6532B904-872E-40F3-966E-CAF71EEAEAF2}.Debug|Any CPU.Build.0 = Debug|Any CPU
		{6532B904-872E-40F3-966E-CAF71EEAEAF2}.Release|Any CPU.ActiveCfg = Release|Any CPU
		{6532B904-872E-40F3-966E-CAF71EEAEAF2}.Release|Any CPU.Build.0 = Release|Any CPU
		{8963BC4D-751E-4405-B705-CE23AD1E5D2C}.Debug|Any CPU.ActiveCfg = Debug|Any CPU
		{8963BC4D-751E-4405-B705-CE23AD1E5D2C}.Debug|Any CPU.Build.0 = Debug|Any CPU
		{8963BC4D-751E-4405-B705-CE23AD1E5D2C}.Release|Any CPU.ActiveCfg = Release|Any CPU
		{8963BC4D-751E-4405-B705-CE23AD1E5D2C}.Release|Any CPU.Build.0 = Release|Any CPU
		{561AB5E8-560E-4BDC-8592-0EFED8C89203}.Debug|Any CPU.ActiveCfg = Debug|Any CPU
		{561AB5E8-560E-4BDC-8592-0EFED8C89203}.Debug|Any CPU.Build.0 = Debug|Any CPU
		{561AB5E8-560E-4BDC-8592-0EFED8C89203}.Release|Any CPU.ActiveCfg = Release|Any CPU
		{561AB5E8-560E-4BDC-8592-0EFED8C89203}.Release|Any CPU.Build.0 = Release|Any CPU
		{1F6836D7-C023-4E77-8AD6-E30E2D0B3030}.Debug|Any CPU.ActiveCfg = Debug|Any CPU
		{1F6836D7-C023-4E77-8AD6-E30E2D0B3030}.Debug|Any CPU.Build.0 = Debug|Any CPU
		{1F6836D7-C023-4E77-8AD6-E30E2D0B3030}.Release|Any CPU.ActiveCfg = Release|Any CPU
		{1F6836D7-C023-4E77-8AD6-E30E2D0B3030}.Release|Any CPU.Build.0 = Release|Any CPU
		{7CE3B8D2-5E00-4903-B68E-FA8F4E0F4952}.Debug|Any CPU.ActiveCfg = Debug|Any CPU
		{7CE3B8D2-5E00-4903-B68E-FA8F4E0F4952}.Debug|Any CPU.Build.0 = Debug|Any CPU
		{7CE3B8D2-5E00-4903-B68E-FA8F4E0F4952}.Release|Any CPU.ActiveCfg = Release|Any CPU
		{7CE3B8D2-5E00-4903-B68E-FA8F4E0F4952}.Release|Any CPU.Build.0 = Release|Any CPU
	EndGlobalSection
	GlobalSection(SolutionProperties) = preSolution
		HideSolutionNode = FALSE
	EndGlobalSection
	GlobalSection(ExtensibilityGlobals) = postSolution
		SolutionGuid = {115D0BDC-962E-4B3B-A193-3B52672FDBC1}
	EndGlobalSection
EndGlobal
